{
  "version": 4,
  "terraform_version": "0.12.26",
  "serial": 195,
  "lineage": "12ce27d8-beff-8218-1828-e10e28a5c113",
  "outputs": {
    "cd": {
      "value": "d39akwumdp2em5.cloudfront.net",
      "type": "string"
    },
    "d": {
      "value": "origin-access-identity/cloudfront/EU8Y8OO4HYTAJ",
      "type": "string"
    },
    "ip": {
      "value": "13.127.205.81",
      "type": "string"
    },
    "s3": {
      "value": "mynewbucket123123",
      "type": "string"
    }
  },
  "resources": [
    {
      "mode": "data",
      "type": "aws_iam_policy_document",
      "name": "distribution",
      "provider": "provider.aws",
      "instances": [
        {
          "schema_version": 0,
          "attributes": {
            "id": "459509998",
            "json": "{\n  \"Version\": \"2012-10-17\",\n  \"Statement\": [\n    {\n      \"Sid\": \"\",\n      \"Effect\": \"Allow\",\n      \"Action\": \"s3:GetObject\",\n      \"Resource\": \"arn:aws:s3:::mynewbucket123123/*\",\n      \"Principal\": {\n        \"AWS\": \"arn:aws:iam::cloudfront:user/CloudFront Origin Access Identity EU8Y8OO4HYTAJ\"\n      }\n    }\n  ]\n}",
            "override_json": null,
            "policy_id": null,
            "source_json": null,
            "statement": [
              {
                "actions": [
                  "s3:GetObject"
                ],
                "condition": [],
                "effect": "Allow",
                "not_actions": [],
                "not_principals": [],
                "not_resources": [],
                "principals": [
                  {
                    "identifiers": [
                      "arn:aws:iam::cloudfront:user/CloudFront Origin Access Identity EU8Y8OO4HYTAJ"
                    ],
                    "type": "AWS"
                  }
                ],
                "resources": [
                  "arn:aws:s3:::mynewbucket123123/*"
                ],
                "sid": ""
              }
            ],
            "version": "2012-10-17"
          }
        }
      ]
    },
    {
      "mode": "managed",
      "type": "aws_cloudfront_distribution",
      "name": "s3_distribution",
      "provider": "provider.aws",
      "instances": [
        {
          "schema_version": 1,
          "attributes": {
            "active_trusted_signers": {
              "enabled": "false",
              "items.#": "0"
            },
            "aliases": [],
            "arn": "arn:aws:cloudfront::490405136220:distribution/E83Q1ATNLXRDI",
            "cache_behavior": [],
            "caller_reference": "terraform-20200613120905912800000002",
            "comment": null,
            "custom_error_response": [],
            "default_cache_behavior": [
              {
                "allowed_methods": [
                  "DELETE",
                  "GET",
                  "HEAD",
                  "OPTIONS",
                  "PATCH",
                  "POST",
                  "PUT"
                ],
                "cached_methods": [
                  "GET",
                  "HEAD"
                ],
                "compress": false,
                "default_ttl": 3600,
                "field_level_encryption_id": "",
                "forwarded_values": [
                  {
                    "cookies": [
                      {
                        "forward": "none",
                        "whitelisted_names": []
                      }
                    ],
                    "headers": [],
                    "query_string": false,
                    "query_string_cache_keys": []
                  }
                ],
                "lambda_function_association": [],
                "max_ttl": 86400,
                "min_ttl": 0,
                "smooth_streaming": false,
                "target_origin_id": "mynewbucket123123",
                "trusted_signers": [],
                "viewer_protocol_policy": "allow-all"
              }
            ],
            "default_root_object": "",
            "domain_name": "d39akwumdp2em5.cloudfront.net",
            "enabled": true,
            "etag": "E1ECI9W90XVMC7",
            "hosted_zone_id": "Z2FDTNDATAQYW2",
            "http_version": "http2",
            "id": "E83Q1ATNLXRDI",
            "in_progress_validation_batches": 0,
            "is_ipv6_enabled": true,
            "last_modified_time": "2020-06-13 12:09:07.959 +0000 UTC",
            "logging_config": [],
            "ordered_cache_behavior": [
              {
                "allowed_methods": [
                  "GET",
                  "HEAD",
                  "OPTIONS"
                ],
                "cached_methods": [
                  "GET",
                  "HEAD",
                  "OPTIONS"
                ],
                "compress": true,
                "default_ttl": 86400,
                "field_level_encryption_id": "",
                "forwarded_values": [
                  {
                    "cookies": [
                      {
                        "forward": "none",
                        "whitelisted_names": []
                      }
                    ],
                    "headers": [
                      "Origin"
                    ],
                    "query_string": false,
                    "query_string_cache_keys": []
                  }
                ],
                "lambda_function_association": [],
                "max_ttl": 31536000,
                "min_ttl": 0,
                "path_pattern": "*",
                "smooth_streaming": false,
                "target_origin_id": "mynewbucket123123",
                "trusted_signers": [],
                "viewer_protocol_policy": "redirect-to-https"
              }
            ],
            "origin": [
              {
                "custom_header": [],
                "custom_origin_config": [],
                "domain_name": "mynewbucket123123.s3.ap-south-1.amazonaws.com",
                "origin_id": "mynewbucket123123",
                "origin_path": "",
                "s3_origin_config": [
                  {
                    "origin_access_identity": "origin-access-identity/cloudfront/EU8Y8OO4HYTAJ"
                  }
                ]
              }
            ],
            "origin_group": [],
            "price_class": "PriceClass_All",
            "restrictions": [
              {
                "geo_restriction": [
                  {
                    "locations": [],
                    "restriction_type": "none"
                  }
                ]
              }
            ],
            "retain_on_delete": false,
            "status": "Deployed",
            "tags": {
              "Environment": "production"
            },
            "viewer_certificate": [
              {
                "acm_certificate_arn": "",
                "cloudfront_default_certificate": true,
                "iam_certificate_id": "",
                "minimum_protocol_version": "TLSv1",
                "ssl_support_method": ""
              }
            ],
            "wait_for_deployment": true,
            "web_acl_id": ""
          },
          "private": "eyJzY2hlbWFfdmVyc2lvbiI6IjEifQ==",
          "dependencies": [
            "aws_cloudfront_origin_access_identity.origin_access_identity",
            "aws_s3_bucket.b"
          ]
        }
      ]
    },
    {
      "mode": "managed",
      "type": "aws_cloudfront_origin_access_identity",
      "name": "origin_access_identity",
      "provider": "provider.aws",
      "instances": [
        {
          "schema_version": 0,
          "attributes": {
            "caller_reference": "terraform-20200613120855203600000001",
            "cloudfront_access_identity_path": "origin-access-identity/cloudfront/EU8Y8OO4HYTAJ",
            "comment": null,
            "etag": "E2UTSRY4CLAYQ4",
            "iam_arn": "arn:aws:iam::cloudfront:user/CloudFront Origin Access Identity EU8Y8OO4HYTAJ",
            "id": "EU8Y8OO4HYTAJ",
            "s3_canonical_user_id": "976aefe1653c3eb8a1407a84b55eeb33a3b908d5f1f267ec5763df6e4d145d34ad4bddc0e73bd698e2a5cceaeae7b8d1"
          },
          "private": "bnVsbA=="
        }
      ]
    },
    {
      "mode": "managed",
      "type": "aws_ebs_volume",
      "name": "ebs3",
      "provider": "provider.aws",
      "instances": [
        {
          "schema_version": 0,
          "attributes": {
            "arn": "arn:aws:ec2:ap-south-1:490405136220:volume/vol-06a942fabebae1d21",
            "availability_zone": "ap-south-1a",
            "encrypted": false,
            "id": "vol-06a942fabebae1d21",
            "iops": 100,
            "kms_key_id": "",
            "multi_attach_enabled": false,
            "outpost_arn": "",
            "size": 1,
            "snapshot_id": "",
            "tags": {
              "Name": "ebs04"
            },
            "type": "gp2"
          },
          "private": "bnVsbA==",
          "dependencies": [
            "aws_instance.web",
            "aws_key_pair.key_gen",
            "aws_security_group.Security_Group",
            "tls_private_key.Key"
          ]
        }
      ]
    },
    {
      "mode": "managed",
      "type": "aws_instance",
      "name": "web",
      "provider": "provider.aws",
      "instances": [
        {
          "schema_version": 1,
          "attributes": {
            "ami": "ami-0447a12f28fddb066",
            "arn": "arn:aws:ec2:ap-south-1:490405136220:instance/i-0c1b36e08a0453270",
            "associate_public_ip_address": true,
            "availability_zone": "ap-south-1a",
            "cpu_core_count": 1,
            "cpu_threads_per_core": 1,
            "credit_specification": [
              {
                "cpu_credits": "standard"
              }
            ],
            "disable_api_termination": false,
            "ebs_block_device": [
              {
                "delete_on_termination": false,
                "device_name": "/dev/sdh",
                "encrypted": false,
                "iops": 100,
                "kms_key_id": "",
                "snapshot_id": "",
                "volume_id": "vol-06a942fabebae1d21",
                "volume_size": 1,
                "volume_type": "gp2"
              }
            ],
            "ebs_optimized": false,
            "ephemeral_block_device": [],
            "get_password_data": false,
            "hibernation": false,
            "host_id": null,
            "iam_instance_profile": "",
            "id": "i-0c1b36e08a0453270",
            "instance_initiated_shutdown_behavior": null,
            "instance_state": "running",
            "instance_type": "t2.micro",
            "ipv6_address_count": 0,
            "ipv6_addresses": [],
            "key_name": "key123",
            "metadata_options": [
              {
                "http_endpoint": "enabled",
                "http_put_response_hop_limit": 1,
                "http_tokens": "optional"
              }
            ],
            "monitoring": false,
            "network_interface": [],
            "network_interface_id": null,
            "outpost_arn": "",
            "password_data": "",
            "placement_group": "",
            "primary_network_interface_id": "eni-00b5fe0a898be6538",
            "private_dns": "ip-172-31-44-54.ap-south-1.compute.internal",
            "private_ip": "172.31.44.54",
            "public_dns": "ec2-13-127-205-81.ap-south-1.compute.amazonaws.com",
            "public_ip": "13.127.205.81",
            "root_block_device": [
              {
                "delete_on_termination": true,
                "device_name": "/dev/xvda",
                "encrypted": false,
                "iops": 100,
                "kms_key_id": "",
                "volume_id": "vol-0181723410b6046f7",
                "volume_size": 8,
                "volume_type": "gp2"
              }
            ],
            "security_groups": [
              "security"
            ],
            "source_dest_check": true,
            "subnet_id": "subnet-061d276e",
            "tags": {
              "Name": "terraform os"
            },
            "tenancy": "default",
            "timeouts": null,
            "user_data": null,
            "user_data_base64": null,
            "volume_tags": {
              "Name": "ebs04"
            },
            "vpc_security_group_ids": [
              "sg-0d5aa3b46c2ce4b9b"
            ]
          },
          "private": "eyJlMmJmYjczMC1lY2FhLTExZTYtOGY4OC0zNDM2M2JjN2M0YzAiOnsiY3JlYXRlIjo2MDAwMDAwMDAwMDAsImRlbGV0ZSI6MTIwMDAwMDAwMDAwMCwidXBkYXRlIjo2MDAwMDAwMDAwMDB9LCJzY2hlbWFfdmVyc2lvbiI6IjEifQ==",
          "dependencies": [
            "aws_key_pair.key_gen",
            "aws_security_group.Security_Group",
            "tls_private_key.Key"
          ]
        }
      ]
    },
    {
      "mode": "managed",
      "type": "aws_key_pair",
      "name": "key_gen",
      "provider": "provider.aws",
      "instances": [
        {
          "schema_version": 1,
          "attributes": {
            "fingerprint": "fe:17:86:5c:9d:09:9b:20:7d:3e:2f:2a:14:68:2a:cd",
            "id": "key123",
            "key_name": "key123",
            "key_name_prefix": null,
            "key_pair_id": "key-0a9bd03f91dcf7c90",
            "public_key": "ssh-rsa AAAAB3NzaC1yc2EAAAADAQABAAABAQDCB1oMP8sJhPvOsSul7d33m3GlzhrmPfUsZjexcLqkGkwlI2MfcBFnI4lqbJbgJahEd3zqCR1swIFH5xfNyEEQroclES4/yoJAaQlHR50ub0GHVKswbO3rz243nDKnmqxstJRfLLJUuCEtz0i0Blk2yBu0GyySFlakj4KUS/L09kB7WI9fXFL9WvSOlYOmzfer5QtMLm8F96xe7HvRcAUNi6+ZGSkpFNJ/NO9/lXj8JYKJYPY9arlPy5TlJ9OcWrIl8t5iDNGUXE7aodVeMlFBJC8BgdpxoyIQoYYNnKhxeb32ZT7Bz8qR9BRgOTBXhUyMcQkf+EXQ2RA7xB9tEJWD",
            "tags": {}
          },
          "private": "eyJzY2hlbWFfdmVyc2lvbiI6IjEifQ==",
          "dependencies": [
            "tls_private_key.Key"
          ]
        }
      ]
    },
    {
      "mode": "managed",
      "type": "aws_s3_bucket",
      "name": "b",
      "provider": "provider.aws",
      "instances": [
        {
          "schema_version": 0,
          "attributes": {
            "acceleration_status": "",
            "acl": "private",
            "arn": "arn:aws:s3:::mynewbucket123123",
            "bucket": "mynewbucket123123",
            "bucket_domain_name": "mynewbucket123123.s3.amazonaws.com",
            "bucket_prefix": null,
            "bucket_regional_domain_name": "mynewbucket123123.s3.ap-south-1.amazonaws.com",
            "cors_rule": [],
            "force_destroy": true,
            "grant": [],
            "hosted_zone_id": "Z11RGJOFQNVJUP",
            "id": "mynewbucket123123",
            "lifecycle_rule": [],
            "logging": [],
            "object_lock_configuration": [],
            "policy": null,
            "region": "ap-south-1",
            "replication_configuration": [],
            "request_payer": "BucketOwner",
            "server_side_encryption_configuration": [],
            "tags": {},
            "versioning": [
              {
                "enabled": false,
                "mfa_delete": false
              }
            ],
            "website": [],
            "website_domain": null,
            "website_endpoint": null
          },
          "private": "bnVsbA=="
        }
      ]
    },
    {
      "mode": "managed",
      "type": "aws_s3_bucket_policy",
      "name": "web_distribution",
      "provider": "provider.aws",
      "instances": [
        {
          "schema_version": 0,
          "attributes": {
            "bucket": "mynewbucket123123",
            "id": "mynewbucket123123",
            "policy": "{\"Version\":\"2012-10-17\",\"Statement\":[{\"Sid\":\"\",\"Effect\":\"Allow\",\"Principal\":{\"AWS\":\"arn:aws:iam::cloudfront:user/CloudFront Origin Access Identity EU8Y8OO4HYTAJ\"},\"Action\":\"s3:GetObject\",\"Resource\":\"arn:aws:s3:::mynewbucket123123/*\"}]}"
          },
          "private": "bnVsbA==",
          "dependencies": [
            "aws_cloudfront_origin_access_identity.origin_access_identity",
            "aws_s3_bucket.b"
          ]
        }
      ]
    },
    {
      "mode": "managed",
      "type": "aws_security_group",
      "name": "Security_Group",
      "provider": "provider.aws",
      "instances": [
        {
          "schema_version": 1,
          "attributes": {
            "arn": "arn:aws:ec2:ap-south-1:490405136220:security-group/sg-0d5aa3b46c2ce4b9b",
            "description": "firewall allowing port 22 and 80",
            "egress": [
              {
                "cidr_blocks": [
                  "0.0.0.0/0"
                ],
                "description": "",
                "from_port": 0,
                "ipv6_cidr_blocks": [],
                "prefix_list_ids": [],
                "protocol": "-1",
                "security_groups": [],
                "self": false,
                "to_port": 0
              }
            ],
            "id": "sg-0d5aa3b46c2ce4b9b",
            "ingress": [
              {
                "cidr_blocks": [
                  "0.0.0.0/0"
                ],
                "description": "",
                "from_port": 22,
                "ipv6_cidr_blocks": [],
                "prefix_list_ids": [],
                "protocol": "tcp",
                "security_groups": [],
                "self": false,
                "to_port": 22
              },
              {
                "cidr_blocks": [
                  "0.0.0.0/0"
                ],
                "description": "",
                "from_port": 80,
                "ipv6_cidr_blocks": [],
                "prefix_list_ids": [],
                "protocol": "tcp",
                "security_groups": [],
                "self": false,
                "to_port": 80
              }
            ],
            "name": "security",
            "name_prefix": null,
            "owner_id": "490405136220",
            "revoke_rules_on_delete": false,
            "tags": {},
            "timeouts": null,
            "vpc_id": "vpc-60c0dd08"
          },
          "private": "eyJlMmJmYjczMC1lY2FhLTExZTYtOGY4OC0zNDM2M2JjN2M0YzAiOnsiY3JlYXRlIjo2MDAwMDAwMDAwMDAsImRlbGV0ZSI6NjAwMDAwMDAwMDAwfSwic2NoZW1hX3ZlcnNpb24iOiIxIn0="
        }
      ]
    },
    {
      "mode": "managed",
      "type": "aws_volume_attachment",
      "name": "ebs_att",
      "provider": "provider.aws",
      "instances": [
        {
          "schema_version": 0,
          "attributes": {
            "device_name": "/dev/sdh",
            "force_detach": true,
            "id": "vai-3485053648",
            "instance_id": "i-0c1b36e08a0453270",
            "skip_destroy": null,
            "volume_id": "vol-06a942fabebae1d21"
          },
          "private": "bnVsbA==",
          "dependencies": [
            "aws_ebs_volume.ebs3",
            "aws_instance.web",
            "aws_key_pair.key_gen",
            "aws_security_group.Security_Group",
            "tls_private_key.Key"
          ]
        }
      ]
    },
    {
      "mode": "managed",
      "type": "local_file",
      "name": "keystore",
      "provider": "provider.local",
      "instances": [
        {
          "schema_version": 0,
          "attributes": {
            "content": "-----BEGIN RSA PRIVATE KEY-----\nMIIEpgIBAAKCAQEAwgdaDD/LCYT7zrErpe3d95txpc4a5j31LGY3sXC6pBpMJSNj\nH3ARZyOJamyW4CWoRHd86gkdbMCBR+cXzchBEK6HJREuP8qCQGkJR0edLm9Bh1Sr\nMGzt689uN5wyp5qsbLSUXyyyVLghLc9ItAZZNsgbtBsskhZWpI+ClEvy9PZAe1iP\nX1xS/Vr0jpWDps33q+ULTC5vBfesXux70XAFDYuvmRkpKRTSfzTvf5V4/CWCiWD2\nPWq5T8uU5SfTnFqyJfLeYgzRlFxO2qHVXjJRQSQvAYHacaMiEKGGDZyocXm99mU+\nwc/KkfQUYDkwV4VMjHEJH/hF0NkQO8QfbRCVgwIDAQABAoIBAQCgxPSxF57F2YHI\nJvdyuqDkTNGjQB77zjS7QEs/ZJfR59RWJXc5kmNpIYH4Q9fUDH/bk2JWjYzrEqtM\nh8gqg5aeGu7yIMVAqCy68A13GXi9BAS4/MgIDQorDSpXO76hL8FVJV+XaPKuzg73\n5TxppqT/hlmmJ6oLtiS+oAbjl/bNT1gIXsf+siuDc//52zuI7TwcnqZ0NTBVeOyl\nvCSVogzyZQPPOmH5QEJhDRCI7AhqTJNadRzrqVLZP48GDogVM2dRSef4yp7fYOjy\nLbjqzdIMNgNjDNoGguq1YUxJ4eFtTSrOhdJcAC2tAQj0V3TGwWAfPM09XtslYDaR\n5f+pt+jRAoGBAOszEO2oHHYjD0cAgv8H1z3Wn1Ox2VPVla82C2uT1frIr9bONVTM\nvuBhzHkGt8isNWkGxdJsw0DWo9vp8ku1baCBgO/UsSCbSvBsB1lLIRIPWM+iPDBP\n4spaf6CugmZRxeshGupQUyd6n0xsET77tBOIIM4kdB1Q7s9VBw+/mnhbAoGBANMw\nLTE3bOu/Nt33d/yOcPecHNp4bJvtqjmyjS9w23BOwktge5wcjODeWP9Fe3XQ2G5L\n52fnkusqG9iUCMcISDUy8CVxKyxl0Dh44KDL2sTssS1ZOi9XfpdmbFYOaETVbQ/E\nTUNASm09LJPrnJ7yewImKY/CO4NneXgZs7cCA5/5AoGBAK7XzHrPoTDVSVMf90G9\nQ24N8W1XZdbjjR2uEHlNciG3NLh7nLvIZREKwuUpcFA2bJIB3edawR+fMDqYRG2x\nlqhd/UrMk0xJBUGLHT9tEU2KqRvZX+MOT+rbscryT6/elEIB3y9WvSo5BtjZ8Uwf\n8zMd3D1Cbiso8g6hB9nWNu/HAoGBAMMJkiMK6ffKrzRNcK15K1EyBt+pKbzTwErq\n4EL4+l/9DKkqYN4q69xc3FpcZAnJp6gtR3gJQQEX8YGSLY0K1Az1jx01J8cn/CW7\nVNCLk+4cHgEgj4DbUBkoyVKsmZVAeil+hFBglpvOTFYL2ahdjkbM0cNngSj5LhBB\nxFx2aryZAoGBAMzDSa7V8KE4Ks/PQ/T88p+fKG0cy4I/V/m+AHIW44i0lL+SsYCk\ncut9AMeWafi6IPdmXDm2r23nZ+BuZJlyCh2pqQ9Tyyvmpen2b4CglFrHd8g1JeCr\n6xeMIFJqXdQsT6R8QUun1nHbnJ+n1y8Awt+IMAA209AKff4MkDteCAyC\n-----END RSA PRIVATE KEY-----\n",
            "content_base64": null,
            "directory_permission": "0777",
            "file_permission": "0777",
            "filename": "key123.pem",
            "id": "dfebf01ca78bf9bde919e3de5cbf8ee42f6a82e0",
            "sensitive_content": null
          },
          "private": "bnVsbA==",
          "dependencies": [
            "tls_private_key.Key"
          ]
        }
      ]
    },
    {
      "mode": "managed",
      "type": "null_resource",
      "name": "cluster",
      "provider": "provider.null",
      "instances": [
        {
          "schema_version": 0,
          "attributes": {
            "id": "3886096886986566786",
            "triggers": null
          },
          "dependencies": [
            "aws_instance.web",
            "aws_key_pair.key_gen",
            "aws_security_group.Security_Group",
            "tls_private_key.Key"
          ]
        }
      ]
    },
    {
      "mode": "managed",
      "type": "null_resource",
      "name": "cluster123",
      "provider": "provider.null",
      "instances": [
        {
          "schema_version": 0,
          "attributes": {
            "id": "3437066040741511475",
            "triggers": null
          },
          "dependencies": [
            "aws_ebs_volume.ebs3",
            "aws_instance.web",
            "aws_key_pair.key_gen",
            "aws_security_group.Security_Group",
            "aws_volume_attachment.ebs_att",
            "tls_private_key.Key"
          ]
        }
      ]
    },
    {
      "mode": "managed",
      "type": "tls_private_key",
      "name": "Key",
      "provider": "provider.tls",
      "instances": [
        {
          "schema_version": 0,
          "attributes": {
            "algorithm": "RSA",
            "ecdsa_curve": "P224",
            "id": "2e94335a2b994f108ef3f955f2cc7069e51029ee",
            "private_key_pem": "-----BEGIN RSA PRIVATE KEY-----\nMIIEpgIBAAKCAQEAwgdaDD/LCYT7zrErpe3d95txpc4a5j31LGY3sXC6pBpMJSNj\nH3ARZyOJamyW4CWoRHd86gkdbMCBR+cXzchBEK6HJREuP8qCQGkJR0edLm9Bh1Sr\nMGzt689uN5wyp5qsbLSUXyyyVLghLc9ItAZZNsgbtBsskhZWpI+ClEvy9PZAe1iP\nX1xS/Vr0jpWDps33q+ULTC5vBfesXux70XAFDYuvmRkpKRTSfzTvf5V4/CWCiWD2\nPWq5T8uU5SfTnFqyJfLeYgzRlFxO2qHVXjJRQSQvAYHacaMiEKGGDZyocXm99mU+\nwc/KkfQUYDkwV4VMjHEJH/hF0NkQO8QfbRCVgwIDAQABAoIBAQCgxPSxF57F2YHI\nJvdyuqDkTNGjQB77zjS7QEs/ZJfR59RWJXc5kmNpIYH4Q9fUDH/bk2JWjYzrEqtM\nh8gqg5aeGu7yIMVAqCy68A13GXi9BAS4/MgIDQorDSpXO76hL8FVJV+XaPKuzg73\n5TxppqT/hlmmJ6oLtiS+oAbjl/bNT1gIXsf+siuDc//52zuI7TwcnqZ0NTBVeOyl\nvCSVogzyZQPPOmH5QEJhDRCI7AhqTJNadRzrqVLZP48GDogVM2dRSef4yp7fYOjy\nLbjqzdIMNgNjDNoGguq1YUxJ4eFtTSrOhdJcAC2tAQj0V3TGwWAfPM09XtslYDaR\n5f+pt+jRAoGBAOszEO2oHHYjD0cAgv8H1z3Wn1Ox2VPVla82C2uT1frIr9bONVTM\nvuBhzHkGt8isNWkGxdJsw0DWo9vp8ku1baCBgO/UsSCbSvBsB1lLIRIPWM+iPDBP\n4spaf6CugmZRxeshGupQUyd6n0xsET77tBOIIM4kdB1Q7s9VBw+/mnhbAoGBANMw\nLTE3bOu/Nt33d/yOcPecHNp4bJvtqjmyjS9w23BOwktge5wcjODeWP9Fe3XQ2G5L\n52fnkusqG9iUCMcISDUy8CVxKyxl0Dh44KDL2sTssS1ZOi9XfpdmbFYOaETVbQ/E\nTUNASm09LJPrnJ7yewImKY/CO4NneXgZs7cCA5/5AoGBAK7XzHrPoTDVSVMf90G9\nQ24N8W1XZdbjjR2uEHlNciG3NLh7nLvIZREKwuUpcFA2bJIB3edawR+fMDqYRG2x\nlqhd/UrMk0xJBUGLHT9tEU2KqRvZX+MOT+rbscryT6/elEIB3y9WvSo5BtjZ8Uwf\n8zMd3D1Cbiso8g6hB9nWNu/HAoGBAMMJkiMK6ffKrzRNcK15K1EyBt+pKbzTwErq\n4EL4+l/9DKkqYN4q69xc3FpcZAnJp6gtR3gJQQEX8YGSLY0K1Az1jx01J8cn/CW7\nVNCLk+4cHgEgj4DbUBkoyVKsmZVAeil+hFBglpvOTFYL2ahdjkbM0cNngSj5LhBB\nxFx2aryZAoGBAMzDSa7V8KE4Ks/PQ/T88p+fKG0cy4I/V/m+AHIW44i0lL+SsYCk\ncut9AMeWafi6IPdmXDm2r23nZ+BuZJlyCh2pqQ9Tyyvmpen2b4CglFrHd8g1JeCr\n6xeMIFJqXdQsT6R8QUun1nHbnJ+n1y8Awt+IMAA209AKff4MkDteCAyC\n-----END RSA PRIVATE KEY-----\n",
            "public_key_fingerprint_md5": "a2:49:df:a6:4f:f2:6e:9e:bc:6d:60:3f:df:3a:a1:0e",
            "public_key_openssh": "ssh-rsa AAAAB3NzaC1yc2EAAAADAQABAAABAQDCB1oMP8sJhPvOsSul7d33m3GlzhrmPfUsZjexcLqkGkwlI2MfcBFnI4lqbJbgJahEd3zqCR1swIFH5xfNyEEQroclES4/yoJAaQlHR50ub0GHVKswbO3rz243nDKnmqxstJRfLLJUuCEtz0i0Blk2yBu0GyySFlakj4KUS/L09kB7WI9fXFL9WvSOlYOmzfer5QtMLm8F96xe7HvRcAUNi6+ZGSkpFNJ/NO9/lXj8JYKJYPY9arlPy5TlJ9OcWrIl8t5iDNGUXE7aodVeMlFBJC8BgdpxoyIQoYYNnKhxeb32ZT7Bz8qR9BRgOTBXhUyMcQkf+EXQ2RA7xB9tEJWD\n",
            "public_key_pem": "-----BEGIN PUBLIC KEY-----\nMIIBIjANBgkqhkiG9w0BAQEFAAOCAQ8AMIIBCgKCAQEAwgdaDD/LCYT7zrErpe3d\n95txpc4a5j31LGY3sXC6pBpMJSNjH3ARZyOJamyW4CWoRHd86gkdbMCBR+cXzchB\nEK6HJREuP8qCQGkJR0edLm9Bh1SrMGzt689uN5wyp5qsbLSUXyyyVLghLc9ItAZZ\nNsgbtBsskhZWpI+ClEvy9PZAe1iPX1xS/Vr0jpWDps33q+ULTC5vBfesXux70XAF\nDYuvmRkpKRTSfzTvf5V4/CWCiWD2PWq5T8uU5SfTnFqyJfLeYgzRlFxO2qHVXjJR\nQSQvAYHacaMiEKGGDZyocXm99mU+wc/KkfQUYDkwV4VMjHEJH/hF0NkQO8QfbRCV\ngwIDAQAB\n-----END PUBLIC KEY-----\n",
            "rsa_bits": 2048
          },
          "private": "bnVsbA=="
        }
      ]
    }
  ]
}
